
Microsoft Visual Studio Solution File, Format Version 12.00
# Visual Studio Version 16
VisualStudioVersion = 16.0.32126.315
MinimumVisualStudioVersion = 10.0.40219.1
Project("{FAE04EC0-301F-11D3-BF4B-00C04F79EFBC}") = "ioboard-tester", "ioboard-tester\ioboard-tester.csproj", "{C5B62291-1E83-4990-BE5F-CF4D21C0966A}"
EndProject
Global
	GlobalSection(SolutionConfigurationPlatforms) = preSolution
		Debug|Any CPU = Debug|Any CPU
		Release|Any CPU = Release|Any CPU
	EndGlobalSection
	GlobalSection(ProjectConfigurationPlatforms) = postSolution
		{C5B62291-1E83-4990-BE5F-CF4D21C0966A}.Debug|Any CPU.ActiveCfg = Debug|Any CPU
		{C5B62291-1E83-4990-BE5F-CF4D21C0966A}.Debug|Any CPU.Build.0 = Debug|Any CPU
		{C5B62291-1E83-4990-BE5F-CF4D21C0966A}.Release|Any CPU.ActiveCfg = Release|Any CPU
		{C5B62291-1E83-4990-BE5F-CF4D21C0966A}.Release|Any CPU.Build.0 = Release|Any CPU
	EndGlobalSection
	GlobalSection(SolutionProperties) = preSolution
		HideSolutionNode = FALSE
	EndGlobalSection
	GlobalSection(ExtensibilityGlobals) = postSolution
		SolutionGuid = {DA89C49C-37F6-4B9B-812C-B7DFACEBBC68}
	EndGlobalSection
EndGlobal
